
Microsoft Visual Studio Solution File, Format Version 12.00
# Visual Studio Version 16
VisualStudioVersion = 16.0.31112.23
MinimumVisualStudioVersion = 10.0.40219.1
Project("{FAE04EC0-301F-11D3-BF4B-00C04F79EFBC}") = "Products", "Products\Products.csproj", "{691B9285-DCEA-48B0-8805-975B8F251E0A}"
EndProject
Global
	GlobalSection(SolutionConfigurationPlatforms) = preSolution
		Debug|Any CPU = Debug|Any CPU
		Release|Any CPU = Release|Any CPU
	EndGlobalSection
	GlobalSection(ProjectConfigurationPlatforms) = postSolution
		{691B9285-DCEA-48B0-8805-975B8F251E0A}.Debug|Any CPU.ActiveCfg = Debug|Any CPU
		{691B9285-DCEA-48B0-8805-975B8F251E0A}.Debug|Any CPU.Build.0 = Debug|Any CPU
		{691B9285-DCEA-48B0-8805-975B8F251E0A}.Release|Any CPU.ActiveCfg = Release|Any CPU
		{691B9285-DCEA-48B0-8805-975B8F251E0A}.Release|Any CPU.Build.0 = Release|Any CPU
	EndGlobalSection
	GlobalSection(SolutionProperties) = preSolution
		HideSolutionNode = FALSE
	EndGlobalSection
	GlobalSection(ExtensibilityGlobals) = postSolution
		SolutionGuid = {F1F46167-6EE1-4CF3-836F-55173DAD7876}
	EndGlobalSection
EndGlobal
